Microsoft Visual Studio Solution File, Format Version 12.00
# Visual Studio 15
VisualStudioVersion = 15.0.27130.2010
MinimumVisualStudioVersion = 15.0.26124.0
Project("{2150E333-8FDC-42A3-9474-1A3956D46DE8}") = "src", "src", "{E49BED00-0003-4E72-B5E3-2C4F44541B2D}"
EndProject
Project("{6EC3EE1D-3C4E-46DD-8F32-0CC8E7565705}") = "FSharp.Sql", "src\FSharp.Sql\FSharp.Sql.fsproj", "{5C18790F-5ACA-4E85-910F-274A470304F1}"
EndProject
Project("{6EC3EE1D-3C4E-46DD-8F32-0CC8E7565705}") = "Example", "src\Example\Example.fsproj", "{27F60BF1-A0C3-4AC0-B0EA-0D1C00059BBE}"
EndProject
Project("{6EC3EE1D-3C4E-46DD-8F32-0CC8E7565705}") = "FSharp.Sql.SqlClient", "src\FSharp.Sql.SqlClient\FSharp.Sql.SqlClient.fsproj", "{640A4F43-D750-410B-81B1-DB8D3D535297}"
EndProject
Global
	GlobalSection(SolutionConfigurationPlatforms) = preSolution
		Debug|Any CPU = Debug|Any CPU
		Debug|x64 = Debug|x64
		Debug|x86 = Debug|x86
		Release|Any CPU = Release|Any CPU
		Release|x64 = Release|x64
		Release|x86 = Release|x86
	EndGlobalSection
	GlobalSection(ProjectConfigurationPlatforms) = postSolution
		{5C18790F-5ACA-4E85-910F-274A470304F1}.Debug|Any CPU.ActiveCfg = Debug|Any CPU
		{5C18790F-5ACA-4E85-910F-274A470304F1}.Debug|Any CPU.Build.0 = Debug|Any CPU
		{5C18790F-5ACA-4E85-910F-274A470304F1}.Debug|x64.ActiveCfg = Debug|Any CPU
		{5C18790F-5ACA-4E85-910F-274A470304F1}.Debug|x64.Build.0 = Debug|Any CPU
		{5C18790F-5ACA-4E85-910F-274A470304F1}.Debug|x86.ActiveCfg = Debug|Any CPU
		{5C18790F-5ACA-4E85-910F-274A470304F1}.Debug|x86.Build.0 = Debug|Any CPU
		{5C18790F-5ACA-4E85-910F-274A470304F1}.Release|Any CPU.ActiveCfg = Release|Any CPU
		{5C18790F-5ACA-4E85-910F-274A470304F1}.Release|Any CPU.Build.0 = Release|Any CPU
		{5C18790F-5ACA-4E85-910F-274A470304F1}.Release|x64.ActiveCfg = Release|Any CPU
		{5C18790F-5ACA-4E85-910F-274A470304F1}.Release|x64.Build.0 = Release|Any CPU
		{5C18790F-5ACA-4E85-910F-274A470304F1}.Release|x86.ActiveCfg = Release|Any CPU
		{5C18790F-5ACA-4E85-910F-274A470304F1}.Release|x86.Build.0 = Release|Any CPU
		{27F60BF1-A0C3-4AC0-B0EA-0D1C00059BBE}.Debug|Any CPU.ActiveCfg = Debug|Any CPU
		{27F60BF1-A0C3-4AC0-B0EA-0D1C00059BBE}.Debug|Any CPU.Build.0 = Debug|Any CPU
		{27F60BF1-A0C3-4AC0-B0EA-0D1C00059BBE}.Debug|x64.ActiveCfg = Debug|Any CPU
		{27F60BF1-A0C3-4AC0-B0EA-0D1C00059BBE}.Debug|x64.Build.0 = Debug|Any CPU
		{27F60BF1-A0C3-4AC0-B0EA-0D1C00059BBE}.Debug|x86.ActiveCfg = Debug|Any CPU
		{27F60BF1-A0C3-4AC0-B0EA-0D1C00059BBE}.Debug|x86.Build.0 = Debug|Any CPU
		{27F60BF1-A0C3-4AC0-B0EA-0D1C00059BBE}.Release|Any CPU.ActiveCfg = Release|Any CPU
		{27F60BF1-A0C3-4AC0-B0EA-0D1C00059BBE}.Release|Any CPU.Build.0 = Release|Any CPU
		{27F60BF1-A0C3-4AC0-B0EA-0D1C00059BBE}.Release|x64.ActiveCfg = Release|Any CPU
		{27F60BF1-A0C3-4AC0-B0EA-0D1C00059BBE}.Release|x64.Build.0 = Release|Any CPU
		{27F60BF1-A0C3-4AC0-B0EA-0D1C00059BBE}.Release|x86.ActiveCfg = Release|Any CPU
		{27F60BF1-A0C3-4AC0-B0EA-0D1C00059BBE}.Release|x86.Build.0 = Release|Any CPU
		{640A4F43-D750-410B-81B1-DB8D3D535297}.Debug|Any CPU.ActiveCfg = Debug|Any CPU
		{640A4F43-D750-410B-81B1-DB8D3D535297}.Debug|Any CPU.Build.0 = Debug|Any CPU
		{640A4F43-D750-410B-81B1-DB8D3D535297}.Debug|x64.ActiveCfg = Debug|Any CPU
		{640A4F43-D750-410B-81B1-DB8D3D535297}.Debug|x64.Build.0 = Debug|Any CPU
		{640A4F43-D750-410B-81B1-DB8D3D535297}.Debug|x86.ActiveCfg = Debug|Any CPU
		{640A4F43-D750-410B-81B1-DB8D3D535297}.Debug|x86.Build.0 = Debug|Any CPU
		{640A4F43-D750-410B-81B1-DB8D3D535297}.Release|Any CPU.ActiveCfg = Release|Any CPU
		{640A4F43-D750-410B-81B1-DB8D3D535297}.Release|Any CPU.Build.0 = Release|Any CPU
		{640A4F43-D750-410B-81B1-DB8D3D535297}.Release|x64.ActiveCfg = Release|Any CPU
		{640A4F43-D750-410B-81B1-DB8D3D535297}.Release|x64.Build.0 = Release|Any CPU
		{640A4F43-D750-410B-81B1-DB8D3D535297}.Release|x86.ActiveCfg = Release|Any CPU
		{640A4F43-D750-410B-81B1-DB8D3D535297}.Release|x86.Build.0 = Release|Any CPU
	EndGlobalSection
	GlobalSection(SolutionProperties) = preSolution
		HideSolutionNode = FALSE
	EndGlobalSection
	GlobalSection(NestedProjects) = preSolution
		{5C18790F-5ACA-4E85-910F-274A470304F1} = {E49BED00-0003-4E72-B5E3-2C4F44541B2D}
		{27F60BF1-A0C3-4AC0-B0EA-0D1C00059BBE} = {E49BED00-0003-4E72-B5E3-2C4F44541B2D}
		{640A4F43-D750-410B-81B1-DB8D3D535297} = {E49BED00-0003-4E72-B5E3-2C4F44541B2D}
	EndGlobalSection
	GlobalSection(ExtensibilityGlobals) = postSolution
		SolutionGuid = {C2434D3D-F0D3-4DB7-83F2-56D2D29C35D2}
	EndGlobalSection
EndGlobal
